
Microsoft Visual Studio Solution File, Format Version 12.00
# Visual Studio Version 17
VisualStudioVersion = 17.5.33516.290
MinimumVisualStudioVersion = 10.0.40219.1
Project("{FAE04EC0-301F-11D3-BF4B-00C04F79EFBC}") = "Generic", "Generic\Generic.csproj", "{CE06A286-070C-444C-AD30-0828484D23F8}"
EndProject
Project("{FAE04EC0-301F-11D3-BF4B-00C04F79EFBC}") = "Generic 2", "Generic 2\Generic 2.csproj", "{58DEA818-C083-4A8B-BBAE-87BABA3D0B06}"
EndProject
Global
	GlobalSection(SolutionConfigurationPlatforms) = preSolution
		Debug|Any CPU = Debug|Any CPU
		Release|Any CPU = Release|Any CPU
	EndGlobalSection
	GlobalSection(ProjectConfigurationPlatforms) = postSolution
		{CE06A286-070C-444C-AD30-0828484D23F8}.Debug|Any CPU.ActiveCfg = Debug|Any CPU
		{CE06A286-070C-444C-AD30-0828484D23F8}.Debug|Any CPU.Build.0 = Debug|Any CPU
		{CE06A286-070C-444C-AD30-0828484D23F8}.Release|Any CPU.ActiveCfg = Release|Any CPU
		{CE06A286-070C-444C-AD30-0828484D23F8}.Release|Any CPU.Build.0 = Release|Any CPU
		{58DEA818-C083-4A8B-BBAE-87BABA3D0B06}.Debug|Any CPU.ActiveCfg = Debug|Any CPU
		{58DEA818-C083-4A8B-BBAE-87BABA3D0B06}.Debug|Any CPU.Build.0 = Debug|Any CPU
		{58DEA818-C083-4A8B-BBAE-87BABA3D0B06}.Release|Any CPU.ActiveCfg = Release|Any CPU
		{58DEA818-C083-4A8B-BBAE-87BABA3D0B06}.Release|Any CPU.Build.0 = Release|Any CPU
	EndGlobalSection
	GlobalSection(SolutionProperties) = preSolution
		HideSolutionNode = FALSE
	EndGlobalSection
	GlobalSection(ExtensibilityGlobals) = postSolution
		SolutionGuid = {B03FF0D9-864D-4759-B474-85ED92177683}
	EndGlobalSection
EndGlobal
